// !$*UTF8*$!
{
	archiveVersion = 1;
	classes = {
	};
	objectVersion = 56;
	objects = {

/* Begin PBXBuildFile section */
		0D29A9D02ABA9E7500AD78E5 /* TitleView.swift in Sources */ = {isa = PBXBuildFile; fileRef = 0D29A9CF2ABA9E7500AD78E5 /* TitleView.swift */; };
		0D29A9D22ABAA02000AD78E5 /* ProductModel.swift in Sources */ = {isa = PBXBuildFile; fileRef = 0D29A9D12ABAA02000AD78E5 /* ProductModel.swift */; };
		0D29A9D42ABAA0C400AD78E5 /* ProductItemView.swift in Sources */ = {isa = PBXBuildFile; fileRef = 0D29A9D32ABAA0C400AD78E5 /* ProductItemView.swift */; };
		0D5399B22AAC998200FD4770 /* PlayerModel.swift in Sources */ = {isa = PBXBuildFile; fileRef = 0D5399B12AAC998200FD4770 /* PlayerModel.swift */; };
		0D5399B42AAC99F200FD4770 /* CodableBundleExtension.swift in Sources */ = {isa = PBXBuildFile; fileRef = 0D5399B32AAC99F200FD4770 /* CodableBundleExtension.swift */; };
		0D5399B62AAC9B9000FD4770 /* FeaturetItemView.swift in Sources */ = {isa = PBXBuildFile; fileRef = 0D5399B52AAC9B9000FD4770 /* FeaturetItemView.swift */; };
		0D5399B82AAC9C7400FD4770 /* FeaturedTabView.swift in Sources */ = {isa = PBXBuildFile; fileRef = 0D5399B72AAC9C7400FD4770 /* FeaturedTabView.swift */; };
		0D5399BA2AACA57A00FD4770 /* CategoryModel.swift in Sources */ = {isa = PBXBuildFile; fileRef = 0D5399B92AACA57A00FD4770 /* CategoryModel.swift */; };
		0D5399BC2AACA6F600FD4770 /* CategoryItemView.swift in Sources */ = {isa = PBXBuildFile; fileRef = 0D5399BB2AACA6F600FD4770 /* CategoryItemView.swift */; };
		0D5399BE2AACA85E00FD4770 /* CategoryGridView.swift in Sources */ = {isa = PBXBuildFile; fileRef = 0D5399BD2AACA85E00FD4770 /* CategoryGridView.swift */; };
		0D5399C02AACA9EC00FD4770 /* SectionView.swift in Sources */ = {isa = PBXBuildFile; fileRef = 0D5399BF2AACA9EC00FD4770 /* SectionView.swift */; };
		0D67B5BC2AAB1127006A8827 /* TouchdownPlusApp.swift in Sources */ = {isa = PBXBuildFile; fileRef = 0D67B5BB2AAB1127006A8827 /* TouchdownPlusApp.swift */; };
		0D67B5BE2AAB1127006A8827 /* ContentView.swift in Sources */ = {isa = PBXBuildFile; fileRef = 0D67B5BD2AAB1127006A8827 /* ContentView.swift */; };
		0D67B5C02AAB1129006A8827 /* Assets.xcassets in Resources */ = {isa = PBXBuildFile; fileRef = 0D67B5BF2AAB1129006A8827 /* Assets.xcassets */; };
		0D67B5C32AAB1129006A8827 /* Preview Assets.xcassets in Resources */ = {isa = PBXBuildFile; fileRef = 0D67B5C22AAB1129006A8827 /* Preview Assets.xcassets */; };
		0D67B5CD2AAB11DF006A8827 /* category.json in Resources */ = {isa = PBXBuildFile; fileRef = 0D67B5C92AAB11DF006A8827 /* category.json */; };
		0D67B5CE2AAB11DF006A8827 /* product.json in Resources */ = {isa = PBXBuildFile; fileRef = 0D67B5CA2AAB11DF006A8827 /* product.json */; };
		0D67B5CF2AAB11DF006A8827 /* player.json in Resources */ = {isa = PBXBuildFile; fileRef = 0D67B5CB2AAB11DF006A8827 /* player.json */; };
		0D67B5D02AAB11DF006A8827 /* brand.json in Resources */ = {isa = PBXBuildFile; fileRef = 0D67B5CC2AAB11DF006A8827 /* brand.json */; };
		0D67B5DB2AAB808C006A8827 /* Constant.swift in Sources */ = {isa = PBXBuildFile; fileRef = 0D67B5DA2AAB808C006A8827 /* Constant.swift */; };
		0D67B5DD2AAB8225006A8827 /* FooterView.swift in Sources */ = {isa = PBXBuildFile; fileRef = 0D67B5DC2AAB8225006A8827 /* FooterView.swift */; };
		0DE73F9E2AAC450B004FA7CD /* NavigationBarView.swift in Sources */ = {isa = PBXBuildFile; fileRef = 0DE73F9D2AAC450B004FA7CD /* NavigationBarView.swift */; };
		0DE73FA02AAC4A03004FA7CD /* LogoView.swift in Sources */ = {isa = PBXBuildFile; fileRef = 0DE73F9F2AAC4A03004FA7CD /* LogoView.swift */; };
/* End PBXBuildFile section */

/* Begin PBXFileReference section */
		0D29A9CF2ABA9E7500AD78E5 /* TitleView.swift */ = {isa = PBXFileReference; lastKnownFileType = sourcecode.swift; path = TitleView.swift; sourceTree = "<group>"; };
		0D29A9D12ABAA02000AD78E5 /* ProductModel.swift */ = {isa = PBXFileReference; lastKnownFileType = sourcecode.swift; path = ProductModel.swift; sourceTree = "<group>"; };
		0D29A9D32ABAA0C400AD78E5 /* ProductItemView.swift */ = {isa = PBXFileReference; lastKnownFileType = sourcecode.swift; path = ProductItemView.swift; sourceTree = "<group>"; };
		0D5399B12AAC998200FD4770 /* PlayerModel.swift */ = {isa = PBXFileReference; lastKnownFileType = sourcecode.swift; path = PlayerModel.swift; sourceTree = "<group>"; };
		0D5399B32AAC99F200FD4770 /* CodableBundleExtension.swift */ = {isa = PBXFileReference; lastKnownFileType = sourcecode.swift; path = CodableBundleExtension.swift; sourceTree = "<group>"; };
		0D5399B52AAC9B9000FD4770 /* FeaturetItemView.swift */ = {isa = PBXFileReference; lastKnownFileType = sourcecode.swift; path = FeaturetItemView.swift; sourceTree = "<group>"; };
		0D5399B72AAC9C7400FD4770 /* FeaturedTabView.swift */ = {isa = PBXFileReference; lastKnownFileType = sourcecode.swift; path = FeaturedTabView.swift; sourceTree = "<group>"; };
		0D5399B92AACA57A00FD4770 /* CategoryModel.swift */ = {isa = PBXFileReference; lastKnownFileType = sourcecode.swift; path = CategoryModel.swift; sourceTree = "<group>"; };
		0D5399BB2AACA6F600FD4770 /* CategoryItemView.swift */ = {isa = PBXFileReference; lastKnownFileType = sourcecode.swift; path = CategoryItemView.swift; sourceTree = "<group>"; };
		0D5399BD2AACA85E00FD4770 /* CategoryGridView.swift */ = {isa = PBXFileReference; lastKnownFileType = sourcecode.swift; path = CategoryGridView.swift; sourceTree = "<group>"; };
		0D5399BF2AACA9EC00FD4770 /* SectionView.swift */ = {isa = PBXFileReference; lastKnownFileType = sourcecode.swift; path = SectionView.swift; sourceTree = "<group>"; };
		0D67B5B82AAB1127006A8827 /* TouchdownPlus.app */ = {isa = PBXFileReference; explicitFileType = wrapper.application; includeInIndex = 0; path = TouchdownPlus.app; sourceTree = BUILT_PRODUCTS_DIR; };
		0D67B5BB2AAB1127006A8827 /* TouchdownPlusApp.swift */ = {isa = PBXFileReference; lastKnownFileType = sourcecode.swift; path = TouchdownPlusApp.swift; sourceTree = "<group>"; };
		0D67B5BD2AAB1127006A8827 /* ContentView.swift */ = {isa = PBXFileReference; lastKnownFileType = sourcecode.swift; path = ContentView.swift; sourceTree = "<group>"; };
		0D67B5BF2AAB1129006A8827 /* Assets.xcassets */ = {isa = PBXFileReference; lastKnownFileType = folder.assetcatalog; path = Assets.xcassets; sourceTree = "<group>"; };
		0D67B5C22AAB1129006A8827 /* Preview Assets.xcassets */ = {isa = PBXFileReference; lastKnownFileType = folder.assetcatalog; path = "Preview Assets.xcassets"; sourceTree = "<group>"; };
		0D67B5C92AAB11DF006A8827 /* category.json */ = {isa = PBXFileReference; fileEncoding = 4; lastKnownFileType = text.json; path = category.json; sourceTree = "<group>"; };
		0D67B5CA2AAB11DF006A8827 /* product.json */ = {isa = PBXFileReference; fileEncoding = 4; lastKnownFileType = text.json; path = product.json; sourceTree = "<group>"; };
		0D67B5CB2AAB11DF006A8827 /* player.json */ = {isa = PBXFileReference; fileEncoding = 4; lastKnownFileType = text.json; path = player.json; sourceTree = "<group>"; };
		0D67B5CC2AAB11DF006A8827 /* brand.json */ = {isa = PBXFileReference; fileEncoding = 4; lastKnownFileType = text.json; path = brand.json; sourceTree = "<group>"; };
		0D67B5D22AAB12A3006A8827 /* Info.plist */ = {isa = PBXFileReference; lastKnownFileType = text.plist; path = Info.plist; sourceTree = "<group>"; };
		0D67B5DA2AAB808C006A8827 /* Constant.swift */ = {isa = PBXFileReference; lastKnownFileType = sourcecode.swift; path = Constant.swift; sourceTree = "<group>"; };
		0D67B5DC2AAB8225006A8827 /* FooterView.swift */ = {isa = PBXFileReference; lastKnownFileType = sourcecode.swift; path = FooterView.swift; sourceTree = "<group>"; };
		0DE73F9D2AAC450B004FA7CD /* NavigationBarView.swift */ = {isa = PBXFileReference; lastKnownFileType = sourcecode.swift; path = NavigationBarView.swift; sourceTree = "<group>"; };
		0DE73F9F2AAC4A03004FA7CD /* LogoView.swift */ = {isa = PBXFileReference; lastKnownFileType = sourcecode.swift; path = LogoView.swift; sourceTree = "<group>"; };
/* End PBXFileReference section */

/* Begin PBXFrameworksBuildPhase section */
		0D67B5B52AAB1127006A8827 /* Frameworks */ = {
			isa = PBXFrameworksBuildPhase;
			buildActionMask = 2147483647;
			files = (
			);
			runOnlyForDeploymentPostprocessing = 0;
		};
/* End PBXFrameworksBuildPhase section */

/* Begin PBXGroup section */
		0D67B5AF2AAB1127006A8827 = {
			isa = PBXGroup;
			children = (
				0D67B5BA2AAB1127006A8827 /* TouchdownPlus */,
				0D67B5B92AAB1127006A8827 /* Products */,
			);
			sourceTree = "<group>";
		};
		0D67B5B92AAB1127006A8827 /* Products */ = {
			isa = PBXGroup;
			children = (
				0D67B5B82AAB1127006A8827 /* TouchdownPlus.app */,
			);
			name = Products;
			sourceTree = "<group>";
		};
		0D67B5BA2AAB1127006A8827 /* TouchdownPlus */ = {
			isa = PBXGroup;
			children = (
				0D67B5D32AAB18FC006A8827 /* App */,
				0D67B5D42AAB1910006A8827 /* View */,
				0D67B5D12AAB11E9006A8827 /* Data */,
				0D67B5D92AAB195D006A8827 /* Utility */,
				0D67B5D82AAB193D006A8827 /* Extension */,
				0D67B5D72AAB1935006A8827 /* Model */,
				0D67B5D22AAB12A3006A8827 /* Info.plist */,
				0D67B5BF2AAB1129006A8827 /* Assets.xcassets */,
				0D67B5C12AAB1129006A8827 /* Preview Content */,
			);
			path = TouchdownPlus;
			sourceTree = "<group>";
		};
		0D67B5C12AAB1129006A8827 /* Preview Content */ = {
			isa = PBXGroup;
			children = (
				0D67B5C22AAB1129006A8827 /* Preview Assets.xcassets */,
			);
			path = "Preview Content";
			sourceTree = "<group>";
		};
		0D67B5D12AAB11E9006A8827 /* Data */ = {
			isa = PBXGroup;
			children = (
				0D67B5CC2AAB11DF006A8827 /* brand.json */,
				0D67B5C92AAB11DF006A8827 /* category.json */,
				0D67B5CB2AAB11DF006A8827 /* player.json */,
				0D67B5CA2AAB11DF006A8827 /* product.json */,
			);
			path = Data;
			sourceTree = "<group>";
		};
		0D67B5D32AAB18FC006A8827 /* App */ = {
			isa = PBXGroup;
			children = (
				0D67B5BB2AAB1127006A8827 /* TouchdownPlusApp.swift */,
				0D67B5BD2AAB1127006A8827 /* ContentView.swift */,
			);
			path = App;
			sourceTree = "<group>";
		};
		0D67B5D42AAB1910006A8827 /* View */ = {
			isa = PBXGroup;
			children = (
				0D67B5D62AAB192E006A8827 /* Home */,
				0D67B5D52AAB1918006A8827 /* Detail */,
			);
			path = View;
			sourceTree = "<group>";
		};
		0D67B5D52AAB1918006A8827 /* Detail */ = {
			isa = PBXGroup;
			children = (
			);
			path = Detail;
			sourceTree = "<group>";
		};
		0D67B5D62AAB192E006A8827 /* Home */ = {
			isa = PBXGroup;
			children = (
				0D67B5DC2AAB8225006A8827 /* FooterView.swift */,
				0DE73F9D2AAC450B004FA7CD /* NavigationBarView.swift */,
				0DE73F9F2AAC4A03004FA7CD /* LogoView.swift */,
				0D5399B52AAC9B9000FD4770 /* FeaturetItemView.swift */,
				0D5399B72AAC9C7400FD4770 /* FeaturedTabView.swift */,
				0D5399BB2AACA6F600FD4770 /* CategoryItemView.swift */,
				0D5399BD2AACA85E00FD4770 /* CategoryGridView.swift */,
				0D5399BF2AACA9EC00FD4770 /* SectionView.swift */,
				0D29A9CF2ABA9E7500AD78E5 /* TitleView.swift */,
				0D29A9D32ABAA0C400AD78E5 /* ProductItemView.swift */,
			);
			path = Home;
			sourceTree = "<group>";
		};
		0D67B5D72AAB1935006A8827 /* Model */ = {
			isa = PBXGroup;
			children = (
				0D5399B12AAC998200FD4770 /* PlayerModel.swift */,
				0D5399B92AACA57A00FD4770 /* CategoryModel.swift */,
				0D29A9D12ABAA02000AD78E5 /* ProductModel.swift */,
			);
			path = Model;
			sourceTree = "<group>";
		};
		0D67B5D82AAB193D006A8827 /* Extension */ = {
			isa = PBXGroup;
			children = (
				0D5399B32AAC99F200FD4770 /* CodableBundleExtension.swift */,
			);
			path = Extension;
			sourceTree = "<group>";
		};
		0D67B5D92AAB195D006A8827 /* Utility */ = {
			isa = PBXGroup;
			children = (
				0D67B5DA2AAB808C006A8827 /* Constant.swift */,
			);
			path = Utility;
			sourceTree = "<group>";
		};
/* End PBXGroup section */

/* Begin PBXNativeTarget section */
		0D67B5B72AAB1127006A8827 /* TouchdownPlus */ = {
			isa = PBXNativeTarget;
			buildConfigurationList = 0D67B5C62AAB1129006A8827 /* Build configuration list for PBXNativeTarget "TouchdownPlus" */;
			buildPhases = (
				0D67B5B42AAB1127006A8827 /* Sources */,
				0D67B5B52AAB1127006A8827 /* Frameworks */,
				0D67B5B62AAB1127006A8827 /* Resources */,
			);
			buildRules = (
			);
			dependencies = (
			);
			name = TouchdownPlus;
			productName = TouchdownPlus;
			productReference = 0D67B5B82AAB1127006A8827 /* TouchdownPlus.app */;
			productType = "com.apple.product-type.application";
		};
/* End PBXNativeTarget section */

/* Begin PBXProject section */
		0D67B5B02AAB1127006A8827 /* Project object */ = {
			isa = PBXProject;
			attributes = {
				BuildIndependentTargetsInParallel = 1;
				LastSwiftUpdateCheck = 1430;
				LastUpgradeCheck = 1430;
				TargetAttributes = {
					0D67B5B72AAB1127006A8827 = {
						CreatedOnToolsVersion = 14.3.1;
					};
				};
			};
			buildConfigurationList = 0D67B5B32AAB1127006A8827 /* Build configuration list for PBXProject "TouchdownPlus" */;
			compatibilityVersion = "Xcode 14.0";
			developmentRegion = en;
			hasScannedForEncodings = 0;
			knownRegions = (
				en,
				Base,
			);
			mainGroup = 0D67B5AF2AAB1127006A8827;
			productRefGroup = 0D67B5B92AAB1127006A8827 /* Products */;
			projectDirPath = "";
			projectRoot = "";
			targets = (
				0D67B5B72AAB1127006A8827 /* TouchdownPlus */,
			);
		};
/* End PBXProject section */

/* Begin PBXResourcesBuildPhase section */
		0D67B5B62AAB1127006A8827 /* Resources */ = {
			isa = PBXResourcesBuildPhase;
			buildActionMask = 2147483647;
			files = (
				0D67B5CF2AAB11DF006A8827 /* player.json in Resources */,
				0D67B5CD2AAB11DF006A8827 /* category.json in Resources */,
				0D67B5CE2AAB11DF006A8827 /* product.json in Resources */,
				0D67B5C32AAB1129006A8827 /* Preview Assets.xcassets in Resources */,
				0D67B5C02AAB1129006A8827 /* Assets.xcassets in Resources */,
				0D67B5D02AAB11DF006A8827 /* brand.json in Resources */,
			);
			runOnlyForDeploymentPostprocessing = 0;
		};
/* End PBXResourcesBuildPhase section */

/* Begin PBXSourcesBuildPhase section */
		0D67B5B42AAB1127006A8827 /* Sources */ = {
			isa = PBXSourcesBuildPhase;
			buildActionMask = 2147483647;
			files = (
				0D5399B42AAC99F200FD4770 /* CodableBundleExtension.swift in Sources */,
				0D67B5BE2AAB1127006A8827 /* ContentView.swift in Sources */,
				0DE73FA02AAC4A03004FA7CD /* LogoView.swift in Sources */,
				0D5399B62AAC9B9000FD4770 /* FeaturetItemView.swift in Sources */,
				0D67B5DD2AAB8225006A8827 /* FooterView.swift in Sources */,
				0D29A9D42ABAA0C400AD78E5 /* ProductItemView.swift in Sources */,
				0D67B5BC2AAB1127006A8827 /* TouchdownPlusApp.swift in Sources */,
				0D67B5DB2AAB808C006A8827 /* Constant.swift in Sources */,
				0D5399BE2AACA85E00FD4770 /* CategoryGridView.swift in Sources */,
				0D5399BA2AACA57A00FD4770 /* CategoryModel.swift in Sources */,
				0DE73F9E2AAC450B004FA7CD /* NavigationBarView.swift in Sources */,
				0D5399C02AACA9EC00FD4770 /* SectionView.swift in Sources */,
				0D5399BC2AACA6F600FD4770 /* CategoryItemView.swift in Sources */,
				0D5399B82AAC9C7400FD4770 /* FeaturedTabView.swift in Sources */,
				0D5399B22AAC998200FD4770 /* PlayerModel.swift in Sources */,
				0D29A9D02ABA9E7500AD78E5 /* TitleView.swift in Sources */,
				0D29A9D22ABAA02000AD78E5 /* ProductModel.swift in Sources */,
			);
			runOnlyForDeploymentPostprocessing = 0;
		};
/* End PBXSourcesBuildPhase section */

/* Begin XCBuildConfiguration section */
		0D67B5C42AAB1129006A8827 /* Debug */ = {
			isa = XCBuildConfiguration;
			buildSettings = {
				ALWAYS_SEARCH_USER_PATHS = NO;
				CLANG_ANALYZER_NONNULL = YES;
				CLANG_ANALYZER_NUMBER_OBJECT_CONVERSION = YES_AGGRESSIVE;
				CLANG_CXX_LANGUAGE_STANDARD = "gnu++20";
				CLANG_ENABLE_MODULES = YES;
				CLANG_ENABLE_OBJC_ARC = YES;
				CLANG_ENABLE_OBJC_WEAK = YES;
				CLANG_WARN_BLOCK_CAPTURE_AUTORELEASING = YES;
				CLANG_WARN_BOOL_CONVERSION = YES;
				CLANG_WARN_COMMA = YES;
				CLANG_WARN_CONSTANT_CONVERSION = YES;
				CLANG_WARN_DEPRECATED_OBJC_IMPLEMENTATIONS = YES;
				CLANG_WARN_DIRECT_OBJC_ISA_USAGE = YES_ERROR;
				CLANG_WARN_DOCUMENTATION_COMMENTS = YES;
				CLANG_WARN_EMPTY_BODY = YES;
				CLANG_WARN_ENUM_CONVERSION = YES;
				CLANG_WARN_INFINITE_RECURSION = YES;
				CLANG_WARN_INT_CONVERSION = YES;
				CLANG_WARN_NON_LITERAL_NULL_CONVERSION = YES;
				CLANG_WARN_OBJC_IMPLICIT_RETAIN_SELF = YES;
				CLANG_WARN_OBJC_LITERAL_CONVERSION = YES;
				CLANG_WARN_OBJC_ROOT_CLASS = YES_ERROR;
				CLANG_WARN_QUOTED_INCLUDE_IN_FRAMEWORK_HEADER = YES;
				CLANG_WARN_RANGE_LOOP_ANALYSIS = YES;
				CLANG_WARN_STRICT_PROTOTYPES = YES;
				CLANG_WARN_SUSPICIOUS_MOVE = YES;
				CLANG_WARN_UNGUARDED_AVAILABILITY = YES_AGGRESSIVE;
				CLANG_WARN_UNREACHABLE_CODE = YES;
				CLANG_WARN__DUPLICATE_METHOD_MATCH = YES;
				COPY_PHASE_STRIP = NO;
				DEBUG_INFORMATION_FORMAT = dwarf;
				ENABLE_STRICT_OBJC_MSGSEND = YES;
				ENABLE_TESTABILITY = YES;
				GCC_C_LANGUAGE_STANDARD = gnu11;
				GCC_DYNAMIC_NO_PIC = NO;
				GCC_NO_COMMON_BLOCKS = YES;
				GCC_OPTIMIZATION_LEVEL = 0;
				GCC_PREPROCESSOR_DEFINITIONS = (
					"DEBUG=1",
					"$(inherited)",
				);
				GCC_WARN_64_TO_32_BIT_CONVERSION = YES;
				GCC_WARN_ABOUT_RETURN_TYPE = YES_ERROR;
				GCC_WARN_UNDECLARED_SELECTOR = YES;
				GCC_WARN_UNINITIALIZED_AUTOS = YES_AGGRESSIVE;
				GCC_WARN_UNUSED_FUNCTION = YES;
				GCC_WARN_UNUSED_VARIABLE = YES;
				IPHONEOS_DEPLOYMENT_TARGET = 16.4;
				MTL_ENABLE_DEBUG_INFO = INCLUDE_SOURCE;
				MTL_FAST_MATH = YES;
				ONLY_ACTIVE_ARCH = YES;
				SDKROOT = iphoneos;
				SWIFT_ACTIVE_COMPILATION_CONDITIONS = DEBUG;
				SWIFT_OPTIMIZATION_LEVEL = "-Onone";
			};
			name = Debug;
		};
		0D67B5C52AAB1129006A8827 /* Release */ = {
			isa = XCBuildConfiguration;
			buildSettings = {
				ALWAYS_SEARCH_USER_PATHS = NO;
				CLANG_ANALYZER_NONNULL = YES;
				CLANG_ANALYZER_NUMBER_OBJECT_CONVERSION = YES_AGGRESSIVE;
				CLANG_CXX_LANGUAGE_STANDARD = "gnu++20";
				CLANG_ENABLE_MODULES = YES;
				CLANG_ENABLE_OBJC_ARC = YES;
				CLANG_ENABLE_OBJC_WEAK = YES;
				CLANG_WARN_BLOCK_CAPTURE_AUTORELEASING = YES;
				CLANG_WARN_BOOL_CONVERSION = YES;
				CLANG_WARN_COMMA = YES;
				CLANG_WARN_CONSTANT_CONVERSION = YES;
				CLANG_WARN_DEPRECATED_OBJC_IMPLEMENTATIONS = YES;
				CLANG_WARN_DIRECT_OBJC_ISA_USAGE = YES_ERROR;
				CLANG_WARN_DOCUMENTATION_COMMENTS = YES;
				CLANG_WARN_EMPTY_BODY = YES;
				CLANG_WARN_ENUM_CONVERSION = YES;
				CLANG_WARN_INFINITE_RECURSION = YES;
				CLANG_WARN_INT_CONVERSION = YES;
				CLANG_WARN_NON_LITERAL_NULL_CONVERSION = YES;
				CLANG_WARN_OBJC_IMPLICIT_RETAIN_SELF = YES;
				CLANG_WARN_OBJC_LITERAL_CONVERSION = YES;
				CLANG_WARN_OBJC_ROOT_CLASS = YES_ERROR;
				CLANG_WARN_QUOTED_INCLUDE_IN_FRAMEWORK_HEADER = YES;
				CLANG_WARN_RANGE_LOOP_ANALYSIS = YES;
				CLANG_WARN_STRICT_PROTOTYPES = YES;
				CLANG_WARN_SUSPICIOUS_MOVE = YES;
				CLANG_WARN_UNGUARDED_AVAILABILITY = YES_AGGRESSIVE;
				CLANG_WARN_UNREACHABLE_CODE = YES;
				CLANG_WARN__DUPLICATE_METHOD_MATCH = YES;
				COPY_PHASE_STRIP = NO;
				DEBUG_INFORMATION_FORMAT = "dwarf-with-dsym";
				ENABLE_NS_ASSERTIONS = NO;
				ENABLE_STRICT_OBJC_MSGSEND = YES;
				GCC_C_LANGUAGE_STANDARD = gnu11;
				GCC_NO_COMMON_BLOCKS = YES;
				GCC_WARN_64_TO_32_BIT_CONVERSION = YES;
				GCC_WARN_ABOUT_RETURN_TYPE = YES_ERROR;
				GCC_WARN_UNDECLARED_SELECTOR = YES;
				GCC_WARN_UNINITIALIZED_AUTOS = YES_AGGRESSIVE;
				GCC_WARN_UNUSED_FUNCTION = YES;
				GCC_WARN_UNUSED_VARIABLE = YES;
				IPHONEOS_DEPLOYMENT_TARGET = 16.4;
				MTL_ENABLE_DEBUG_INFO = NO;
				MTL_FAST_MATH = YES;
				SDKROOT = iphoneos;
				SWIFT_COMPILATION_MODE = wholemodule;
				SWIFT_OPTIMIZATION_LEVEL = "-O";
				VALIDATE_PRODUCT = YES;
			};
			name = Release;
		};
		0D67B5C72AAB1129006A8827 /* Debug */ = {
			isa = XCBuildConfiguration;
			buildSettings = {
				ASSETCATALOG_COMPILER_APPICON_NAME = AppIcon;
				ASSETCATALOG_COMPILER_GLOBAL_ACCENT_COLOR_NAME = AccentColor;
				CODE_SIGN_STYLE = Automatic;
				CURRENT_PROJECT_VERSION = 1;
				DEVELOPMENT_ASSET_PATHS = "\"TouchdownPlus/Preview Content\"";
				DEVELOPMENT_TEAM = S3646888C2;
				ENABLE_PREVIEWS = YES;
				GENERATE_INFOPLIST_FILE = YES;
				INFOPLIST_FILE = TouchdownPlus/Info.plist;
				INFOPLIST_KEY_UIApplicationSceneManifest_Generation = YES;
				INFOPLIST_KEY_UIApplicationSupportsIndirectInputEvents = YES;
				INFOPLIST_KEY_UISupportedInterfaceOrientations = UIInterfaceOrientationPortrait;
				INFOPLIST_KEY_UIUserInterfaceStyle = Light;
				LD_RUNPATH_SEARCH_PATHS = (
					"$(inherited)",
					"@executable_path/Frameworks",
				);
				MARKETING_VERSION = 1.0;
				PRODUCT_BUNDLE_IDENTIFIER = abilgin02.TouchdownPlus;
				PRODUCT_NAME = "$(TARGET_NAME)";
				SWIFT_EMIT_LOC_STRINGS = YES;
				SWIFT_VERSION = 5.0;
				TARGETED_DEVICE_FAMILY = "1,2";
			};
			name = Debug;
		};
		0D67B5C82AAB1129006A8827 /* Release */ = {
			isa = XCBuildConfiguration;
			buildSettings = {
				ASSETCATALOG_COMPILER_APPICON_NAME = AppIcon;
				ASSETCATALOG_COMPILER_GLOBAL_ACCENT_COLOR_NAME = AccentColor;
				CODE_SIGN_STYLE = Automatic;
				CURRENT_PROJECT_VERSION = 1;
				DEVELOPMENT_ASSET_PATHS = "\"TouchdownPlus/Preview Content\"";
				DEVELOPMENT_TEAM = S3646888C2;
				ENABLE_PREVIEWS = YES;
				GENERATE_INFOPLIST_FILE = YES;
				INFOPLIST_FILE = TouchdownPlus/Info.plist;
				INFOPLIST_KEY_UIApplicationSceneManifest_Generation = YES;
				INFOPLIST_KEY_UIApplicationSupportsIndirectInputEvents = YES;
				INFOPLIST_KEY_UISupportedInterfaceOrientations = UIInterfaceOrientationPortrait;
				INFOPLIST_KEY_UIUserInterfaceStyle = Light;
				LD_RUNPATH_SEARCH_PATHS = (
					"$(inherited)",
					"@executable_path/Frameworks",
				);
				MARKETING_VERSION = 1.0;
				PRODUCT_BUNDLE_IDENTIFIER = abilgin02.TouchdownPlus;
				PRODUCT_NAME = "$(TARGET_NAME)";
				SWIFT_EMIT_LOC_STRINGS = YES;
				SWIFT_VERSION = 5.0;
				TARGETED_DEVICE_FAMILY = "1,2";
			};
			name = Release;
		};
/* End XCBuildConfiguration section */

/* Begin XCConfigurationList section */
		0D67B5B32AAB1127006A8827 /* Build configuration list for PBXProject "TouchdownPlus" */ = {
			isa = XCConfigurationList;
			buildConfigurations = (
				0D67B5C42AAB1129006A8827 /* Debug */,
				0D67B5C52AAB1129006A8827 /* Release */,
			);
			defaultConfigurationIsVisible = 0;
			defaultConfigurationName = Release;
		};
		0D67B5C62AAB1129006A8827 /* Build configuration list for PBXNativeTarget "TouchdownPlus" */ = {
			isa = XCConfigurationList;
			buildConfigurations = (
				0D67B5C72AAB1129006A8827 /* Debug */,
				0D67B5C82AAB1129006A8827 /* Release */,
			);
			defaultConfigurationIsVisible = 0;
			defaultConfigurationName = Release;
		};
/* End XCConfigurationList section */
	};
	rootObject = 0D67B5B02AAB1127006A8827 /* Project object */;
}
